// !$*UTF8*$!
{
	archiveVersion = 1;
	classes = {
	};
	objectVersion = 55;
	objects = {

/* Begin PBXBuildFile section */
		2039EDC72BC04DBD00625190 /* GameboardView.swift in Sources */ = {isa = PBXBuildFile; fileRef = 2039EDC62BC04DBD00625190 /* GameboardView.swift */; };
		2039EDCA2BC04EAB00625190 /* AppConstant.swift in Sources */ = {isa = PBXBuildFile; fileRef = 2039EDC92BC04EAB00625190 /* AppConstant.swift */; };
		2039EDCC2BC04FD900625190 /* TileView.swift in Sources */ = {isa = PBXBuildFile; fileRef = 2039EDCB2BC04FD900625190 /* TileView.swift */; };
		203D3D4E2BBF010C00A42683 /* AppDelegate.swift in Sources */ = {isa = PBXBuildFile; fileRef = 203D3D4D2BBF010C00A42683 /* AppDelegate.swift */; };
		203D3D502BBF010C00A42683 /* SceneDelegate.swift in Sources */ = {isa = PBXBuildFile; fileRef = 203D3D4F2BBF010C00A42683 /* SceneDelegate.swift */; };
		203D3D522BBF010C00A42683 /* MainViewController.swift in Sources */ = {isa = PBXBuildFile; fileRef = 203D3D512BBF010C00A42683 /* MainViewController.swift */; };
		203D3D582BBF010C00A42683 /* _048AppVK.xcdatamodeld in Sources */ = {isa = PBXBuildFile; fileRef = 203D3D562BBF010C00A42683 /* _048AppVK.xcdatamodeld */; };
		203D3D5A2BBF010E00A42683 /* Assets.xcassets in Resources */ = {isa = PBXBuildFile; fileRef = 203D3D592BBF010E00A42683 /* Assets.xcassets */; };
		203D3D5D2BBF010E00A42683 /* LaunchScreen.storyboard in Resources */ = {isa = PBXBuildFile; fileRef = 203D3D5B2BBF010E00A42683 /* LaunchScreen.storyboard */; };
		203D3D682BBF022800A42683 /* Coordinator.swift in Sources */ = {isa = PBXBuildFile; fileRef = 203D3D672BBF022800A42683 /* Coordinator.swift */; };
		203D3D6A2BBF024500A42683 /* AppCoordinator.swift in Sources */ = {isa = PBXBuildFile; fileRef = 203D3D692BBF024500A42683 /* AppCoordinator.swift */; };
		203D3D6E2BBF040600A42683 /* MainCoordinator.swift in Sources */ = {isa = PBXBuildFile; fileRef = 203D3D6D2BBF040600A42683 /* MainCoordinator.swift */; };
		203D3D752BBF05E900A42683 /* MainViewModelProtocol.swift in Sources */ = {isa = PBXBuildFile; fileRef = 203D3D742BBF05E900A42683 /* MainViewModelProtocol.swift */; };
		203D3D772BBF05F900A42683 /* MainViewModel.swift in Sources */ = {isa = PBXBuildFile; fileRef = 203D3D762BBF05F900A42683 /* MainViewModel.swift */; };
		204FF0CA2BC15FF700E89052 /* EmptyTileView.swift in Sources */ = {isa = PBXBuildFile; fileRef = 204FF0C92BC15FF700E89052 /* EmptyTileView.swift */; };
		20525F712BC6C8D700EA7B1C /* CoreDataManager.swift in Sources */ = {isa = PBXBuildFile; fileRef = 20525F702BC6C8D700EA7B1C /* CoreDataManager.swift */; };
		20525F842BC6E08000EA7B1C /* Tile+CoreDataClass.swift in Sources */ = {isa = PBXBuildFile; fileRef = 20525F822BC6E08000EA7B1C /* Tile+CoreDataClass.swift */; };
		20525F852BC6E08000EA7B1C /* Tile+CoreDataProperties.swift in Sources */ = {isa = PBXBuildFile; fileRef = 20525F832BC6E08000EA7B1C /* Tile+CoreDataProperties.swift */; };
		207EB5702BC5D36E000DCCFF /* UIColor+Extension.swift in Sources */ = {isa = PBXBuildFile; fileRef = 207EB56F2BC5D36E000DCCFF /* UIColor+Extension.swift */; };
		207EB5722BC5D393000DCCFF /* AppColor.swift in Sources */ = {isa = PBXBuildFile; fileRef = 207EB5712BC5D393000DCCFF /* AppColor.swift */; };
		207EB5742BC5D6E6000DCCFF /* AppFont.swift in Sources */ = {isa = PBXBuildFile; fileRef = 207EB5732BC5D6E6000DCCFF /* AppFont.swift */; };
		207EB5772BC5DBF3000DCCFF /* MainNavigationController.swift in Sources */ = {isa = PBXBuildFile; fileRef = 207EB5762BC5DBF3000DCCFF /* MainNavigationController.swift */; };
/* End PBXBuildFile section */

/* Begin PBXFileReference section */
		2039EDC62BC04DBD00625190 /* GameboardView.swift */ = {isa = PBXFileReference; lastKnownFileType = sourcecode.swift; path = GameboardView.swift; sourceTree = "<group>"; };
		2039EDC92BC04EAB00625190 /* AppConstant.swift */ = {isa = PBXFileReference; lastKnownFileType = sourcecode.swift; path = AppConstant.swift; sourceTree = "<group>"; };
		2039EDCB2BC04FD900625190 /* TileView.swift */ = {isa = PBXFileReference; lastKnownFileType = sourcecode.swift; path = TileView.swift; sourceTree = "<group>"; };
		203D3D4A2BBF010C00A42683 /* 2048AppVK.app */ = {isa = PBXFileReference; explicitFileType = wrapper.application; includeInIndex = 0; path = 2048AppVK.app; sourceTree = BUILT_PRODUCTS_DIR; };
		203D3D4D2BBF010C00A42683 /* AppDelegate.swift */ = {isa = PBXFileReference; lastKnownFileType = sourcecode.swift; path = AppDelegate.swift; sourceTree = "<group>"; };
		203D3D4F2BBF010C00A42683 /* SceneDelegate.swift */ = {isa = PBXFileReference; lastKnownFileType = sourcecode.swift; path = SceneDelegate.swift; sourceTree = "<group>"; };
		203D3D512BBF010C00A42683 /* MainViewController.swift */ = {isa = PBXFileReference; lastKnownFileType = sourcecode.swift; path = MainViewController.swift; sourceTree = "<group>"; };
		203D3D572BBF010C00A42683 /* _048AppVK.xcdatamodel */ = {isa = PBXFileReference; lastKnownFileType = wrapper.xcdatamodel; path = _048AppVK.xcdatamodel; sourceTree = "<group>"; };
		203D3D592BBF010E00A42683 /* Assets.xcassets */ = {isa = PBXFileReference; lastKnownFileType = folder.assetcatalog; path = Assets.xcassets; sourceTree = "<group>"; };
		203D3D5C2BBF010E00A42683 /* Base */ = {isa = PBXFileReference; lastKnownFileType = file.storyboard; name = Base; path = Base.lproj/LaunchScreen.storyboard; sourceTree = "<group>"; };
		203D3D5E2BBF010E00A42683 /* Info.plist */ = {isa = PBXFileReference; lastKnownFileType = text.plist.xml; path = Info.plist; sourceTree = "<group>"; };
		203D3D672BBF022800A42683 /* Coordinator.swift */ = {isa = PBXFileReference; lastKnownFileType = sourcecode.swift; path = Coordinator.swift; sourceTree = "<group>"; };
		203D3D692BBF024500A42683 /* AppCoordinator.swift */ = {isa = PBXFileReference; lastKnownFileType = sourcecode.swift; path = AppCoordinator.swift; sourceTree = "<group>"; };
		203D3D6D2BBF040600A42683 /* MainCoordinator.swift */ = {isa = PBXFileReference; lastKnownFileType = sourcecode.swift; path = MainCoordinator.swift; sourceTree = "<group>"; };
		203D3D742BBF05E900A42683 /* MainViewModelProtocol.swift */ = {isa = PBXFileReference; lastKnownFileType = sourcecode.swift; path = MainViewModelProtocol.swift; sourceTree = "<group>"; };
		203D3D762BBF05F900A42683 /* MainViewModel.swift */ = {isa = PBXFileReference; lastKnownFileType = sourcecode.swift; path = MainViewModel.swift; sourceTree = "<group>"; };
		204FF0C92BC15FF700E89052 /* EmptyTileView.swift */ = {isa = PBXFileReference; lastKnownFileType = sourcecode.swift; path = EmptyTileView.swift; sourceTree = "<group>"; };
		20525F702BC6C8D700EA7B1C /* CoreDataManager.swift */ = {isa = PBXFileReference; lastKnownFileType = sourcecode.swift; path = CoreDataManager.swift; sourceTree = "<group>"; };
		20525F822BC6E08000EA7B1C /* Tile+CoreDataClass.swift */ = {isa = PBXFileReference; lastKnownFileType = sourcecode.swift; path = "Tile+CoreDataClass.swift"; sourceTree = "<group>"; };
		20525F832BC6E08000EA7B1C /* Tile+CoreDataProperties.swift */ = {isa = PBXFileReference; lastKnownFileType = sourcecode.swift; path = "Tile+CoreDataProperties.swift"; sourceTree = "<group>"; };
		207EB56F2BC5D36E000DCCFF /* UIColor+Extension.swift */ = {isa = PBXFileReference; lastKnownFileType = sourcecode.swift; path = "UIColor+Extension.swift"; sourceTree = "<group>"; };
		207EB5712BC5D393000DCCFF /* AppColor.swift */ = {isa = PBXFileReference; lastKnownFileType = sourcecode.swift; path = AppColor.swift; sourceTree = "<group>"; };
		207EB5732BC5D6E6000DCCFF /* AppFont.swift */ = {isa = PBXFileReference; lastKnownFileType = sourcecode.swift; path = AppFont.swift; sourceTree = "<group>"; };
		207EB5762BC5DBF3000DCCFF /* MainNavigationController.swift */ = {isa = PBXFileReference; lastKnownFileType = sourcecode.swift; path = MainNavigationController.swift; sourceTree = "<group>"; };
/* End PBXFileReference section */

/* Begin PBXFrameworksBuildPhase section */
		203D3D472BBF010C00A42683 /* Frameworks */ = {
			isa = PBXFrameworksBuildPhase;
			buildActionMask = 2147483647;
			files = (
			);
			runOnlyForDeploymentPostprocessing = 0;
		};
/* End PBXFrameworksBuildPhase section */

/* Begin PBXGroup section */
		2039EDC82BC04E8D00625190 /* Resources */ = {
			isa = PBXGroup;
			children = (
				2039EDC92BC04EAB00625190 /* AppConstant.swift */,
				207EB5712BC5D393000DCCFF /* AppColor.swift */,
				207EB5732BC5D6E6000DCCFF /* AppFont.swift */,
			);
			path = Resources;
			sourceTree = "<group>";
		};
		203D3D412BBF010C00A42683 = {
			isa = PBXGroup;
			children = (
				203D3D4C2BBF010C00A42683 /* 2048AppVK */,
				203D3D4B2BBF010C00A42683 /* Products */,
			);
			sourceTree = "<group>";
		};
		203D3D4B2BBF010C00A42683 /* Products */ = {
			isa = PBXGroup;
			children = (
				203D3D4A2BBF010C00A42683 /* 2048AppVK.app */,
			);
			name = Products;
			sourceTree = "<group>";
		};
		203D3D4C2BBF010C00A42683 /* 2048AppVK */ = {
			isa = PBXGroup;
			children = (
				20525F6A2BC6BD1000EA7B1C /* CoreData */,
				203D3D652BBF019F00A42683 /* SupportingFiles */,
				203D3D642BBF018E00A42683 /* Application */,
				207EB56E2BC5D354000DCCFF /* Extensions */,
				2039EDC82BC04E8D00625190 /* Resources */,
				203D3D662BBF020500A42683 /* Navigation */,
				203D3D6F2BBF054A00A42683 /* MainModule */,
				203D3D5E2BBF010E00A42683 /* Info.plist */,
				203D3D562BBF010C00A42683 /* _048AppVK.xcdatamodeld */,
			);
			path = 2048AppVK;
			sourceTree = "<group>";
		};
		203D3D642BBF018E00A42683 /* Application */ = {
			isa = PBXGroup;
			children = (
				203D3D4D2BBF010C00A42683 /* AppDelegate.swift */,
				203D3D4F2BBF010C00A42683 /* SceneDelegate.swift */,
			);
			path = Application;
			sourceTree = "<group>";
		};
		203D3D652BBF019F00A42683 /* SupportingFiles */ = {
			isa = PBXGroup;
			children = (
				203D3D592BBF010E00A42683 /* Assets.xcassets */,
				203D3D5B2BBF010E00A42683 /* LaunchScreen.storyboard */,
			);
			path = SupportingFiles;
			sourceTree = "<group>";
		};
		203D3D662BBF020500A42683 /* Navigation */ = {
			isa = PBXGroup;
			children = (
				207EB5752BC5DBD4000DCCFF /* Controller */,
				203D3D672BBF022800A42683 /* Coordinator.swift */,
				203D3D692BBF024500A42683 /* AppCoordinator.swift */,
				203D3D6D2BBF040600A42683 /* MainCoordinator.swift */,
			);
			path = Navigation;
			sourceTree = "<group>";
		};
		203D3D6F2BBF054A00A42683 /* MainModule */ = {
			isa = PBXGroup;
			children = (
				203D3D712BBF05BE00A42683 /* ViewModel */,
				203D3D702BBF05B800A42683 /* View */,
			);
			path = MainModule;
			sourceTree = "<group>";
		};
		203D3D702BBF05B800A42683 /* View */ = {
			isa = PBXGroup;
			children = (
				203D3D512BBF010C00A42683 /* MainViewController.swift */,
				2039EDC62BC04DBD00625190 /* GameboardView.swift */,
				2039EDCB2BC04FD900625190 /* TileView.swift */,
				204FF0C92BC15FF700E89052 /* EmptyTileView.swift */,
			);
			path = View;
			sourceTree = "<group>";
		};
		203D3D712BBF05BE00A42683 /* ViewModel */ = {
			isa = PBXGroup;
			children = (
				203D3D732BBF05CE00A42683 /* ViewModelProtocol */,
				203D3D762BBF05F900A42683 /* MainViewModel.swift */,
			);
			path = ViewModel;
			sourceTree = "<group>";
		};
		203D3D732BBF05CE00A42683 /* ViewModelProtocol */ = {
			isa = PBXGroup;
			children = (
				203D3D742BBF05E900A42683 /* MainViewModelProtocol.swift */,
			);
			path = ViewModelProtocol;
			sourceTree = "<group>";
		};
		20525F6A2BC6BD1000EA7B1C /* CoreData */ = {
			isa = PBXGroup;
			children = (
				20525F6B2BC6BD1F00EA7B1C /* Models */,
				20525F702BC6C8D700EA7B1C /* CoreDataManager.swift */,
			);
			path = CoreData;
			sourceTree = "<group>";
		};
		20525F6B2BC6BD1F00EA7B1C /* Models */ = {
			isa = PBXGroup;
			children = (
				20525F822BC6E08000EA7B1C /* Tile+CoreDataClass.swift */,
				20525F832BC6E08000EA7B1C /* Tile+CoreDataProperties.swift */,
			);
			path = Models;
			sourceTree = "<group>";
		};
		207EB56E2BC5D354000DCCFF /* Extensions */ = {
			isa = PBXGroup;
			children = (
				207EB56F2BC5D36E000DCCFF /* UIColor+Extension.swift */,
			);
			path = Extensions;
			sourceTree = "<group>";
		};
		207EB5752BC5DBD4000DCCFF /* Controller */ = {
			isa = PBXGroup;
			children = (
				207EB5762BC5DBF3000DCCFF /* MainNavigationController.swift */,
			);
			path = Controller;
			sourceTree = "<group>";
		};
/* End PBXGroup section */

/* Begin PBXNativeTarget section */
		203D3D492BBF010C00A42683 /* 2048AppVK */ = {
			isa = PBXNativeTarget;
			buildConfigurationList = 203D3D612BBF010E00A42683 /* Build configuration list for PBXNativeTarget "2048AppVK" */;
			buildPhases = (
				203D3D462BBF010C00A42683 /* Sources */,
				203D3D472BBF010C00A42683 /* Frameworks */,
				203D3D482BBF010C00A42683 /* Resources */,
			);
			buildRules = (
			);
			dependencies = (
			);
			name = 2048AppVK;
			productName = 2048AppVK;
			productReference = 203D3D4A2BBF010C00A42683 /* 2048AppVK.app */;
			productType = "com.apple.product-type.application";
		};
/* End PBXNativeTarget section */

/* Begin PBXProject section */
		203D3D422BBF010C00A42683 /* Project object */ = {
			isa = PBXProject;
			attributes = {
				BuildIndependentTargetsInParallel = 1;
				LastSwiftUpdateCheck = 1340;
				LastUpgradeCheck = 1340;
				TargetAttributes = {
					203D3D492BBF010C00A42683 = {
						CreatedOnToolsVersion = 13.4.1;
					};
				};
			};
			buildConfigurationList = 203D3D452BBF010C00A42683 /* Build configuration list for PBXProject "2048AppVK" */;
			compatibilityVersion = "Xcode 13.0";
			developmentRegion = en;
			hasScannedForEncodings = 0;
			knownRegions = (
				en,
				Base,
			);
			mainGroup = 203D3D412BBF010C00A42683;
			productRefGroup = 203D3D4B2BBF010C00A42683 /* Products */;
			projectDirPath = "";
			projectRoot = "";
			targets = (
				203D3D492BBF010C00A42683 /* 2048AppVK */,
			);
		};
/* End PBXProject section */

/* Begin PBXResourcesBuildPhase section */
		203D3D482BBF010C00A42683 /* Resources */ = {
			isa = PBXResourcesBuildPhase;
			buildActionMask = 2147483647;
			files = (
				203D3D5D2BBF010E00A42683 /* LaunchScreen.storyboard in Resources */,
				203D3D5A2BBF010E00A42683 /* Assets.xcassets in Resources */,
			);
			runOnlyForDeploymentPostprocessing = 0;
		};
/* End PBXResourcesBuildPhase section */

/* Begin PBXSourcesBuildPhase section */
		203D3D462BBF010C00A42683 /* Sources */ = {
			isa = PBXSourcesBuildPhase;
			buildActionMask = 2147483647;
			files = (
				203D3D6A2BBF024500A42683 /* AppCoordinator.swift in Sources */,
				2039EDCC2BC04FD900625190 /* TileView.swift in Sources */,
				203D3D6E2BBF040600A42683 /* MainCoordinator.swift in Sources */,
				207EB5702BC5D36E000DCCFF /* UIColor+Extension.swift in Sources */,
				203D3D522BBF010C00A42683 /* MainViewController.swift in Sources */,
				20525F712BC6C8D700EA7B1C /* CoreDataManager.swift in Sources */,
				203D3D752BBF05E900A42683 /* MainViewModelProtocol.swift in Sources */,
				203D3D4E2BBF010C00A42683 /* AppDelegate.swift in Sources */,
				204FF0CA2BC15FF700E89052 /* EmptyTileView.swift in Sources */,
				20525F842BC6E08000EA7B1C /* Tile+CoreDataClass.swift in Sources */,
				207EB5772BC5DBF3000DCCFF /* MainNavigationController.swift in Sources */,
				203D3D772BBF05F900A42683 /* MainViewModel.swift in Sources */,
				2039EDCA2BC04EAB00625190 /* AppConstant.swift in Sources */,
				203D3D682BBF022800A42683 /* Coordinator.swift in Sources */,
				2039EDC72BC04DBD00625190 /* GameboardView.swift in Sources */,
				20525F852BC6E08000EA7B1C /* Tile+CoreDataProperties.swift in Sources */,
				207EB5742BC5D6E6000DCCFF /* AppFont.swift in Sources */,
				203D3D502BBF010C00A42683 /* SceneDelegate.swift in Sources */,
				203D3D582BBF010C00A42683 /* _048AppVK.xcdatamodeld in Sources */,
				207EB5722BC5D393000DCCFF /* AppColor.swift in Sources */,
			);
			runOnlyForDeploymentPostprocessing = 0;
		};
/* End PBXSourcesBuildPhase section */

/* Begin PBXVariantGroup section */
		203D3D5B2BBF010E00A42683 /* LaunchScreen.storyboard */ = {
			isa = PBXVariantGroup;
			children = (
				203D3D5C2BBF010E00A42683 /* Base */,
			);
			name = LaunchScreen.storyboard;
			sourceTree = "<group>";
		};
/* End PBXVariantGroup section */

/* Begin XCBuildConfiguration section */
		203D3D5F2BBF010E00A42683 /* Debug */ = {
			isa = XCBuildConfiguration;
			buildSettings = {
				ALWAYS_SEARCH_USER_PATHS = NO;
				CLANG_ANALYZER_NONNULL = YES;
				CLANG_ANALYZER_NUMBER_OBJECT_CONVERSION = YES_AGGRESSIVE;
				CLANG_CXX_LANGUAGE_STANDARD = "gnu++17";
				CLANG_ENABLE_MODULES = YES;
				CLANG_ENABLE_OBJC_ARC = YES;
				CLANG_ENABLE_OBJC_WEAK = YES;
				CLANG_WARN_BLOCK_CAPTURE_AUTORELEASING = YES;
				CLANG_WARN_BOOL_CONVERSION = YES;
				CLANG_WARN_COMMA = YES;
				CLANG_WARN_CONSTANT_CONVERSION = YES;
				CLANG_WARN_DEPRECATED_OBJC_IMPLEMENTATIONS = YES;
				CLANG_WARN_DIRECT_OBJC_ISA_USAGE = YES_ERROR;
				CLANG_WARN_DOCUMENTATION_COMMENTS = YES;
				CLANG_WARN_EMPTY_BODY = YES;
				CLANG_WARN_ENUM_CONVERSION = YES;
				CLANG_WARN_INFINITE_RECURSION = YES;
				CLANG_WARN_INT_CONVERSION = YES;
				CLANG_WARN_NON_LITERAL_NULL_CONVERSION = YES;
				CLANG_WARN_OBJC_IMPLICIT_RETAIN_SELF = YES;
				CLANG_WARN_OBJC_LITERAL_CONVERSION = YES;
				CLANG_WARN_OBJC_ROOT_CLASS = YES_ERROR;
				CLANG_WARN_QUOTED_INCLUDE_IN_FRAMEWORK_HEADER = YES;
				CLANG_WARN_RANGE_LOOP_ANALYSIS = YES;
				CLANG_WARN_STRICT_PROTOTYPES = YES;
				CLANG_WARN_SUSPICIOUS_MOVE = YES;
				CLANG_WARN_UNGUARDED_AVAILABILITY = YES_AGGRESSIVE;
				CLANG_WARN_UNREACHABLE_CODE = YES;
				CLANG_WARN__DUPLICATE_METHOD_MATCH = YES;
				COPY_PHASE_STRIP = NO;
				DEBUG_INFORMATION_FORMAT = dwarf;
				ENABLE_STRICT_OBJC_MSGSEND = YES;
				ENABLE_TESTABILITY = YES;
				GCC_C_LANGUAGE_STANDARD = gnu11;
				GCC_DYNAMIC_NO_PIC = NO;
				GCC_NO_COMMON_BLOCKS = YES;
				GCC_OPTIMIZATION_LEVEL = 0;
				GCC_PREPROCESSOR_DEFINITIONS = (
					"DEBUG=1",
					"$(inherited)",
				);
				GCC_WARN_64_TO_32_BIT_CONVERSION = YES;
				GCC_WARN_ABOUT_RETURN_TYPE = YES_ERROR;
				GCC_WARN_UNDECLARED_SELECTOR = YES;
				GCC_WARN_UNINITIALIZED_AUTOS = YES_AGGRESSIVE;
				GCC_WARN_UNUSED_FUNCTION = YES;
				GCC_WARN_UNUSED_VARIABLE = YES;
				IPHONEOS_DEPLOYMENT_TARGET = 15.0;
				MTL_ENABLE_DEBUG_INFO = INCLUDE_SOURCE;
				MTL_FAST_MATH = YES;
				ONLY_ACTIVE_ARCH = YES;
				SDKROOT = iphoneos;
				SWIFT_ACTIVE_COMPILATION_CONDITIONS = DEBUG;
				SWIFT_OPTIMIZATION_LEVEL = "-Onone";
			};
			name = Debug;
		};
		203D3D602BBF010E00A42683 /* Release */ = {
			isa = XCBuildConfiguration;
			buildSettings = {
				ALWAYS_SEARCH_USER_PATHS = NO;
				CLANG_ANALYZER_NONNULL = YES;
				CLANG_ANALYZER_NUMBER_OBJECT_CONVERSION = YES_AGGRESSIVE;
				CLANG_CXX_LANGUAGE_STANDARD = "gnu++17";
				CLANG_ENABLE_MODULES = YES;
				CLANG_ENABLE_OBJC_ARC = YES;
				CLANG_ENABLE_OBJC_WEAK = YES;
				CLANG_WARN_BLOCK_CAPTURE_AUTORELEASING = YES;
				CLANG_WARN_BOOL_CONVERSION = YES;
				CLANG_WARN_COMMA = YES;
				CLANG_WARN_CONSTANT_CONVERSION = YES;
				CLANG_WARN_DEPRECATED_OBJC_IMPLEMENTATIONS = YES;
				CLANG_WARN_DIRECT_OBJC_ISA_USAGE = YES_ERROR;
				CLANG_WARN_DOCUMENTATION_COMMENTS = YES;
				CLANG_WARN_EMPTY_BODY = YES;
				CLANG_WARN_ENUM_CONVERSION = YES;
				CLANG_WARN_INFINITE_RECURSION = YES;
				CLANG_WARN_INT_CONVERSION = YES;
				CLANG_WARN_NON_LITERAL_NULL_CONVERSION = YES;
				CLANG_WARN_OBJC_IMPLICIT_RETAIN_SELF = YES;
				CLANG_WARN_OBJC_LITERAL_CONVERSION = YES;
				CLANG_WARN_OBJC_ROOT_CLASS = YES_ERROR;
				CLANG_WARN_QUOTED_INCLUDE_IN_FRAMEWORK_HEADER = YES;
				CLANG_WARN_RANGE_LOOP_ANALYSIS = YES;
				CLANG_WARN_STRICT_PROTOTYPES = YES;
				CLANG_WARN_SUSPICIOUS_MOVE = YES;
				CLANG_WARN_UNGUARDED_AVAILABILITY = YES_AGGRESSIVE;
				CLANG_WARN_UNREACHABLE_CODE = YES;
				CLANG_WARN__DUPLICATE_METHOD_MATCH = YES;
				COPY_PHASE_STRIP = NO;
				DEBUG_INFORMATION_FORMAT = "dwarf-with-dsym";
				ENABLE_NS_ASSERTIONS = NO;
				ENABLE_STRICT_OBJC_MSGSEND = YES;
				GCC_C_LANGUAGE_STANDARD = gnu11;
				GCC_NO_COMMON_BLOCKS = YES;
				GCC_WARN_64_TO_32_BIT_CONVERSION = YES;
				GCC_WARN_ABOUT_RETURN_TYPE = YES_ERROR;
				GCC_WARN_UNDECLARED_SELECTOR = YES;
				GCC_WARN_UNINITIALIZED_AUTOS = YES_AGGRESSIVE;
				GCC_WARN_UNUSED_FUNCTION = YES;
				GCC_WARN_UNUSED_VARIABLE = YES;
				IPHONEOS_DEPLOYMENT_TARGET = 15.0;
				MTL_ENABLE_DEBUG_INFO = NO;
				MTL_FAST_MATH = YES;
				SDKROOT = iphoneos;
				SWIFT_COMPILATION_MODE = wholemodule;
				SWIFT_OPTIMIZATION_LEVEL = "-O";
				VALIDATE_PRODUCT = YES;
			};
			name = Release;
		};
		203D3D622BBF010E00A42683 /* Debug */ = {
			isa = XCBuildConfiguration;
			buildSettings = {
				ASSETCATALOG_COMPILER_APPICON_NAME = AppIcon;
				ASSETCATALOG_COMPILER_GLOBAL_ACCENT_COLOR_NAME = AccentColor;
				CODE_SIGN_STYLE = Automatic;
				CURRENT_PROJECT_VERSION = 1;
				DEVELOPMENT_TEAM = J8XKZC7XQX;
				GENERATE_INFOPLIST_FILE = YES;
				INFOPLIST_FILE = 2048AppVK/Info.plist;
				INFOPLIST_KEY_UIApplicationSupportsIndirectInputEvents = YES;
				INFOPLIST_KEY_UILaunchStoryboardName = LaunchScreen;
				INFOPLIST_KEY_UISupportedInterfaceOrientations_iPad = "UIInterfaceOrientationPortrait UIInterfaceOrientationPortraitUpsideDown UIInterfaceOrientationLandscapeLeft UIInterfaceOrientationLandscapeRight";
				INFOPLIST_KEY_UISupportedInterfaceOrientations_iPhone = "UIInterfaceOrientationPortrait UIInterfaceOrientationLandscapeLeft UIInterfaceOrientationLandscapeRight";
				IPHONEOS_DEPLOYMENT_TARGET = 15.0;
				LD_RUNPATH_SEARCH_PATHS = (
					"$(inherited)",
					"@executable_path/Frameworks",
				);
				MARKETING_VERSION = 1.0;
				PRODUCT_BUNDLE_IDENTIFIER = "com.rafbull.-048AppVK";
				PRODUCT_NAME = "$(TARGET_NAME)";
				SWIFT_EMIT_LOC_STRINGS = YES;
				SWIFT_VERSION = 5.0;
				TARGETED_DEVICE_FAMILY = 1;
			};
			name = Debug;
		};
		203D3D632BBF010E00A42683 /* Release */ = {
			isa = XCBuildConfiguration;
			buildSettings = {
				ASSETCATALOG_COMPILER_APPICON_NAME = AppIcon;
				ASSETCATALOG_COMPILER_GLOBAL_ACCENT_COLOR_NAME = AccentColor;
				CODE_SIGN_STYLE = Automatic;
				CURRENT_PROJECT_VERSION = 1;
				DEVELOPMENT_TEAM = J8XKZC7XQX;
				GENERATE_INFOPLIST_FILE = YES;
				INFOPLIST_FILE = 2048AppVK/Info.plist;
				INFOPLIST_KEY_UIApplicationSupportsIndirectInputEvents = YES;
				INFOPLIST_KEY_UILaunchStoryboardName = LaunchScreen;
				INFOPLIST_KEY_UISupportedInterfaceOrientations_iPad = "UIInterfaceOrientationPortrait UIInterfaceOrientationPortraitUpsideDown UIInterfaceOrientationLandscapeLeft UIInterfaceOrientationLandscapeRight";
				INFOPLIST_KEY_UISupportedInterfaceOrientations_iPhone = "UIInterfaceOrientationPortrait UIInterfaceOrientationLandscapeLeft UIInterfaceOrientationLandscapeRight";
				IPHONEOS_DEPLOYMENT_TARGET = 15.0;
				LD_RUNPATH_SEARCH_PATHS = (
					"$(inherited)",
					"@executable_path/Frameworks",
				);
				MARKETING_VERSION = 1.0;
				PRODUCT_BUNDLE_IDENTIFIER = "com.rafbull.-048AppVK";
				PRODUCT_NAME = "$(TARGET_NAME)";
				SWIFT_EMIT_LOC_STRINGS = YES;
				SWIFT_VERSION = 5.0;
				TARGETED_DEVICE_FAMILY = 1;
			};
			name = Release;
		};
/* End XCBuildConfiguration section */

/* Begin XCConfigurationList section */
		203D3D452BBF010C00A42683 /* Build configuration list for PBXProject "2048AppVK" */ = {
			isa = XCConfigurationList;
			buildConfigurations = (
				203D3D5F2BBF010E00A42683 /* Debug */,
				203D3D602BBF010E00A42683 /* Release */,
			);
			defaultConfigurationIsVisible = 0;
			defaultConfigurationName = Release;
		};
		203D3D612BBF010E00A42683 /* Build configuration list for PBXNativeTarget "2048AppVK" */ = {
			isa = XCConfigurationList;
			buildConfigurations = (
				203D3D622BBF010E00A42683 /* Debug */,
				203D3D632BBF010E00A42683 /* Release */,
			);
			defaultConfigurationIsVisible = 0;
			defaultConfigurationName = Release;
		};
/* End XCConfigurationList section */

/* Begin XCVersionGroup section */
		203D3D562BBF010C00A42683 /* _048AppVK.xcdatamodeld */ = {
			isa = XCVersionGroup;
			children = (
				203D3D572BBF010C00A42683 /* _048AppVK.xcdatamodel */,
			);
			currentVersion = 203D3D572BBF010C00A42683 /* _048AppVK.xcdatamodel */;
			path = _048AppVK.xcdatamodeld;
			sourceTree = "<group>";
			versionGroupType = wrapper.xcdatamodel;
		};
/* End XCVersionGroup section */
	};
	rootObject = 203D3D422BBF010C00A42683 /* Project object */;
}
